{
    "_readme": [
        "This file locks the dependencies of your project to a known state",
        "Read more about it at https://getcomposer.org/doc/01-basic-usage.md#installing-dependencies",
        "This file is @generated automatically"
    ],
    "content-hash": "a267f758c192cffd8b455df241587e6d",
    "packages": [
        {
            "name": "braincrafted/json",
            "version": "v0.3",
            "source": {
                "type": "git",
                "url": "https://github.com/braincrafted/json.git",
                "reference": "cc98d965b86f19c9ce077fa1de2f02a3b82e4282"
            },
            "dist": {
                "type": "zip",
                "url": "https://api.github.com/repos/braincrafted/json/zipball/cc98d965b86f19c9ce077fa1de2f02a3b82e4282",
                "reference": "cc98d965b86f19c9ce077fa1de2f02a3b82e4282",
                "shasum": ""
            },
            "require-dev": {
                "phpunit/phpunit": "3.7.x"
            },
            "type": "library",
            "autoload": {
                "psr-4": {
                    "Braincrafted\\Json\\": "src/"
                }
            },
            "notification-url": "https://packagist.org/downloads/",
            "license": [
                "MIT"
            ],
            "support": {
                "issues": "https://github.com/braincrafted/json/issues",
                "source": "https://github.com/braincrafted/json/tree/master"
            },
            "abandoned": true,
            "time": "2014-11-18T18:02:29+00:00"
        },
        {
            "name": "cocur/domain",
            "version": "v0.2",
            "source": {
                "type": "git",
                "url": "https://github.com/cocur/domain.git",
                "reference": "43311e0d2d36375e54851d8bde08b28178a6b4e4"
            },
            "dist": {
                "type": "zip",
                "url": "https://api.github.com/repos/cocur/domain/zipball/43311e0d2d36375e54851d8bde08b28178a6b4e4",
                "reference": "43311e0d2d36375e54851d8bde08b28178a6b4e4",
                "shasum": ""
            },
            "require": {
                "braincrafted/json": "~0.2",
                "php": ">=5.5"
            },
            "require-dev": {
                "kherge/box": "~2.4",
                "mockery/mockery": "~0.9",
                "phpunit/phpunit": "~4.0",
                "sami/sami": "~3.0",
                "satooshi/php-coveralls": "dev-master",
                "seld/jsonlint": "~1.1"
            },
            "type": "library",
            "autoload": {
                "psr-4": {
                    "Cocur\\Domain\\": "src"
                }
            },
            "notification-url": "https://packagist.org/downloads/",
            "license": [
                "MIT"
            ],
            "authors": [
                {
                    "name": "Florian Eckerstorfer",
                    "email": "florian@eckerstorfer.co",
                    "homepage": "http://florian.ec"
                }
            ],
            "description": "Check domain name availability and WHOIS",
            "keywords": [
                "domain",
                "whois"
            ],
            "support": {
                "issues": "https://github.com/cocur/domain/issues",
                "source": "https://github.com/cocur/domain/tree/master"
            },
            "time": "2016-06-15T12:58:48+00:00"
        },
        {
            "name": "cocur/slugify",
            "version": "v4.1.0",
            "source": {
                "type": "git",
                "url": "https://github.com/cocur/slugify.git",
                "reference": "2611e6081dbbb05837a16ed339c0451923d4046e"
            },
            "dist": {
                "type": "zip",
                "url": "https://api.github.com/repos/cocur/slugify/zipball/2611e6081dbbb05837a16ed339c0451923d4046e",
                "reference": "2611e6081dbbb05837a16ed339c0451923d4046e",
                "shasum": ""
            },
            "require": {
                "ext-mbstring": "*",
                "php": ">=7.1"
            },
            "conflict": {
                "symfony/config": "<3.4 || >=4,<4.3",
                "symfony/dependency-injection": "<3.4 || >=4,<4.3",
                "symfony/http-kernel": "<3.4 || >=4,<4.3",
                "twig/twig": "<2.12.1"
            },
            "require-dev": {
                "laravel/framework": "^5.0|^6.0|^7.0|^8.0",
                "latte/latte": "~2.2",
                "league/container": "^2.2.0",
                "mikey179/vfsstream": "~1.6.8",
                "mockery/mockery": "^1.3",
                "nette/di": "~2.4",
                "pimple/pimple": "~1.1",
                "plumphp/plum": "~0.1",
                "symfony/config": "^3.4 || ^4.3 || ^5.0 || ^6.0",
                "symfony/dependency-injection": "^3.4 || ^4.3 || ^5.0 || ^6.0",
                "symfony/http-kernel": "^3.4 || ^4.3 || ^5.0 || ^6.0",
                "symfony/phpunit-bridge": "^5.4 || ^6.0",
                "twig/twig": "^2.12.1 || ~3.0",
                "zendframework/zend-modulemanager": "~2.2",
                "zendframework/zend-servicemanager": "~2.2",
                "zendframework/zend-view": "~2.2"
            },
            "type": "library",
            "autoload": {
                "psr-4": {
                    "Cocur\\Slugify\\": "src"
                }
            },
            "notification-url": "https://packagist.org/downloads/",
            "license": [
                "MIT"
            ],
            "authors": [
                {
                    "name": "Florian Eckerstorfer",
                    "email": "florian@eckerstorfer.co",
                    "homepage": "https://florian.ec"
                },
                {
                    "name": "Ivo Bathke",
                    "email": "ivo.bathke@gmail.com"
                }
            ],
            "description": "Converts a string into a slug.",
            "keywords": [
                "slug",
                "slugify"
            ],
            "support": {
                "issues": "https://github.com/cocur/slugify/issues",
                "source": "https://github.com/cocur/slugify/tree/v4.1.0"
            },
            "time": "2022-01-11T20:51:10+00:00"
        }
    ],
    "packages-dev": [],
    "aliases": [],
    "minimum-stability": "stable",
    "stability-flags": [],
    "prefer-stable": false,
    "prefer-lowest": false,
    "platform": [],
    "platform-dev": [],
    "plugin-api-version": "2.3.0"
}
